
Microsoft Visual Studio Solution File, Format Version 12.00
# Visual Studio Version 17
VisualStudioVersion = 17.13.35931.197 d17.13
MinimumVisualStudioVersion = 10.0.40219.1
Project("{FAE04EC0-301F-11D3-BF4B-00C04F79EFBC}") = "UnitTestProject1", "UnitTestProject1.csproj", "{8930696C-4E01-4359-9C41-8F235C7D077E}"
EndProject
Global
	GlobalSection(SolutionConfigurationPlatforms) = preSolution
		Debug|Any CPU = Debug|Any CPU
		Release|Any CPU = Release|Any CPU
	EndGlobalSection
	GlobalSection(ProjectConfigurationPlatforms) = postSolution
		{8930696C-4E01-4359-9C41-8F235C7D077E}.Debug|Any CPU.ActiveCfg = Debug|Any CPU
		{8930696C-4E01-4359-9C41-8F235C7D077E}.Debug|Any CPU.Build.0 = Debug|Any CPU
		{8930696C-4E01-4359-9C41-8F235C7D077E}.Release|Any CPU.ActiveCfg = Release|Any CPU
		{8930696C-4E01-4359-9C41-8F235C7D077E}.Release|Any CPU.Build.0 = Release|Any CPU
	EndGlobalSection
	GlobalSection(SolutionProperties) = preSolution
		HideSolutionNode = FALSE
	EndGlobalSection
	GlobalSection(ExtensibilityGlobals) = postSolution
		SolutionGuid = {2EC9E7E0-1C1E-4867-92DE-B400A9B0D637}
	EndGlobalSection
EndGlobal
